
Microsoft Visual Studio Solution File, Format Version 12.00
# Visual Studio Version 17
VisualStudioVersion = 17.9.34622.214
MinimumVisualStudioVersion = 10.0.40219.1
Project("{FAE04EC0-301F-11D3-BF4B-00C04F79EFBC}") = "homework1", "homework1\homework1.csproj", "{79E4F9C7-AE74-4708-8E9F-8CCD04EFBA29}"
EndProject
Global
	GlobalSection(SolutionConfigurationPlatforms) = preSolution
		Debug|Any CPU = Debug|Any CPU
		Release|Any CPU = Release|Any CPU
	EndGlobalSection
	GlobalSection(ProjectConfigurationPlatforms) = postSolution
		{79E4F9C7-AE74-4708-8E9F-8CCD04EFBA29}.Debug|Any CPU.ActiveCfg = Debug|Any CPU
		{79E4F9C7-AE74-4708-8E9F-8CCD04EFBA29}.Debug|Any CPU.Build.0 = Debug|Any CPU
		{79E4F9C7-AE74-4708-8E9F-8CCD04EFBA29}.Release|Any CPU.ActiveCfg = Release|Any CPU
		{79E4F9C7-AE74-4708-8E9F-8CCD04EFBA29}.Release|Any CPU.Build.0 = Release|Any CPU
	EndGlobalSection
	GlobalSection(SolutionProperties) = preSolution
		HideSolutionNode = FALSE
	EndGlobalSection
	GlobalSection(ExtensibilityGlobals) = postSolution
		SolutionGuid = {CEC6AFB5-007E-4E69-9998-8B1A3E66F35D}
	EndGlobalSection
EndGlobal
